<?xml version="1.0" encoding="utf-8"?>
<Project ToolsVersion="4.0" xmlns="http://schemas.microsoft.com/developer/msbuild/2003">
  <ItemGroup>
    <Filter Include="Source Files">
      <UniqueIdentifier>{4FC737F1-C7A5-4376-A066-2A32D752A2FF}</UniqueIdentifier>
      <Extensions>cpp;c;cc;cxx;c++;cppm;ixx;def;odl;idl;hpj;bat;asm;asmx</Extensions>
    </Filter>
    <Filter Include="Header Files">
      <UniqueIdentifier>{93995380-89BD-4b04-88EB-625FBE52EBFB}</UniqueIdentifier>
      <Extensions>h;hh;hpp;hxx;h++;hm;inl;inc;ipp;xsd</Extensions>
    </Filter>
    <Filter Include="Resource Files">
      <UniqueIdentifier>{67DA6AB6-F800-4c08-8B7A-83BB121AAD01}</UniqueIdentifier>
      <Extensions>rc;ico;cur;bmp;dlg;rc2;rct;bin;rgs;gif;jpg;jpeg;jpe;resx;tiff;tif;png;wav;mfcribbon-ms</Extensions>
    </Filter>
    <Filter Include="Header Files\Archetype">
      <UniqueIdentifier>{e28ba8f4-d88f-4cec-9786-72ee5d48300b}</UniqueIdentifier>
    </Filter>
    <Filter Include="Header Files\Components">
      <UniqueIdentifier>{a96046e7-5e83-48d0-b951-72bbaf1a569f}</UniqueIdentifier>
    </Filter>
    <Filter Include="Header Files\Utilities">
      <UniqueIdentifier>{7b2e9883-669a-4c50-9079-f23dae4386ee}</UniqueIdentifier>
    </Filter>
    <Filter Include="Header Files\Entity">
      <UniqueIdentifier>{268da0cf-c1fd-4df9-9617-c338100fdcd1}</UniqueIdentifier>
    </Filter>
    <Filter Include="Header Files\Query">
      <UniqueIdentifier>{f02a37c3-640f-4b6b-b612-b7f1f57531a8}</UniqueIdentifier>
    </Filter>
    <Filter Include="Header Files\System">
      <UniqueIdentifier>{3312156c-fdb7-426d-a421-23e24a5237b3}</UniqueIdentifier>
    </Filter>
    <Filter Include="Header Files\ECS">
      <UniqueIdentifier>{8686ea96-73c6-4e76-89ff-35a83d7d6dd1}</UniqueIdentifier>
    </Filter>
  </ItemGroup>
  <ItemGroup>
    <ClInclude Include="pch.h">
      <Filter>Header Files</Filter>
    </ClInclude>
    <ClInclude Include="velocity.h">
      <Filter>Header Files</Filter>
    </ClInclude>
    <ClInclude Include="Archetype.h">
      <Filter>Header Files\Archetype</Filter>
    </ClInclude>
    <ClInclude Include="Archetype.hpp">
      <Filter>Header Files\Archetype</Filter>
    </ClInclude>
    <ClInclude Include="xCoreFunctions.h">
      <Filter>Header Files\Utilities</Filter>
    </ClInclude>
    <ClInclude Include="ECS_Utilities.h">
      <Filter>Header Files\Utilities</Filter>
    </ClInclude>
    <ClInclude Include="ECS_Settings.h">
      <Filter>Header Files\Utilities</Filter>
    </ClInclude>
    <ClInclude Include="ComponentArray.h">
      <Filter>Header Files\Components</Filter>
    </ClInclude>
    <ClInclude Include="ComponentArray.hpp">
      <Filter>Header Files\Components</Filter>
    </ClInclude>
    <ClInclude Include="ComponentMgr.h">
      <Filter>Header Files\Components</Filter>
    </ClInclude>
    <ClInclude Include="ComponentMgr.hpp">
      <Filter>Header Files\Components</Filter>
    </ClInclude>
    <ClInclude Include="ComponentCreator.h">
      <Filter>Header Files\Components</Filter>
    </ClInclude>
    <ClInclude Include="Entity.h">
      <Filter>Header Files\Entity</Filter>
    </ClInclude>
    <ClInclude Include="EntityMgr.h">
      <Filter>Header Files\Entity</Filter>
    </ClInclude>
    <ClInclude Include="TRandom.hpp">
      <Filter>Header Files\Utilities</Filter>
    </ClInclude>
    <ClInclude Include="Query.h">
      <Filter>Header Files\Query</Filter>
    </ClInclude>
    <ClInclude Include="ArchetypeMgr.h">
      <Filter>Header Files\Archetype</Filter>
    </ClInclude>
    <ClInclude Include="ArchetypeMgr.hpp">
      <Filter>Header Files\Archetype</Filter>
    </ClInclude>
    <ClInclude Include="ECS.h">
      <Filter>Header Files\ECS</Filter>
    </ClInclude>
    <ClInclude Include="ECS.hpp">
      <Filter>Header Files\ECS</Filter>
    </ClInclude>
    <ClInclude Include="Query.hpp">
      <Filter>Header Files\Query</Filter>
    </ClInclude>
    <ClInclude Include="SystemBase.h">
      <Filter>Header Files\System</Filter>
    </ClInclude>
    <ClInclude Include="SystemBase.hpp">
      <Filter>Header Files\System</Filter>
    </ClInclude>
    <ClInclude Include="SystemFinal.h">
      <Filter>Header Files\System</Filter>
    </ClInclude>
    <ClInclude Include="SystemFinal.hpp">
      <Filter>Header Files\System</Filter>
    </ClInclude>
    <ClInclude Include="SystemMgr.h">
      <Filter>Header Files\System</Filter>
    </ClInclude>
    <ClInclude Include="SystemMgr.hpp">
      <Filter>Header Files\System</Filter>
    </ClInclude>
    <ClInclude Include="EntityC.h">
      <Filter>Header Files\Entity</Filter>
    </ClInclude>
  </ItemGroup>
  <ItemGroup>
    <ClCompile Include="main.cpp">
      <Filter>Source Files</Filter>
    </ClCompile>
    <ClCompile Include="EntityMgr.cpp">
      <Filter>Header Files\Entity</Filter>
    </ClCompile>
    <ClCompile Include="random test files.cpp">
      <Filter>Source Files</Filter>
    </ClCompile>
  </ItemGroup>
</Project>